PODS:
  - MBProgressHUD (0.9.2)
  - POPLib (0.2.04):
    - MBProgressHUD (~> 0.9)
    - PureLayout
  - PureLayout (3.0.2)

DEPENDENCIES:
  - POPLib (from `../`)

EXTERNAL SOURCES:
  POPLib:
    :path: ../

SPEC CHECKSUMS:
  MBProgressHUD: 1569cf7ace17a8bac47aabfbb8580a49690386d1
  POPLib: 7152b0e236acd229c39fcf0bbaeb5ce58bbe2db8
  PureLayout: 4d550abe49a94f24c2808b9b95db9131685fe4cd

PODFILE CHECKSUM: deb632e651a84cb4a46072a5a8439d2f917a718d

COCOAPODS: 1.2.0
